
Microsoft Visual Studio Solution File, Format Version 12.00
# Visual Studio Version 17
VisualStudioVersion = 17.3.32825.248
MinimumVisualStudioVersion = 10.0.40219.1
Project("{9A19103F-16F7-4668-BE54-9A1E7A4F7556}") = "WebAPI", "WebAPI\WebAPI.csproj", "{B98BB23B-6BA4-4EEB-90A8-B6FD6C83B007}"
EndProject
Project("{9A19103F-16F7-4668-BE54-9A1E7A4F7556}") = "BuisnessLogicLayer", "BuisnessLogicLayer\BuisnessLogicLayer.csproj", "{52260701-43D7-4F56-B472-37FE03D1E1FD}"
EndProject
Project("{9A19103F-16F7-4668-BE54-9A1E7A4F7556}") = "DataAccessLayer", "DataAccessLayer\DataAccessLayer.csproj", "{CEA5D311-B8FB-4887-B4AB-CC6F0F6D3285}"
EndProject
Project("{54A90642-561A-4BB1-A94E-469ADEE60C69}") = "SocialNetwork.Client", "SocialNetwork.Client\SocialNetwork.Client.esproj", "{F3E69825-8521-4018-B298-F3329CA88781}"
EndProject
Project("{FAE04EC0-301F-11D3-BF4B-00C04F79EFBC}") = "SocialNetwork.Tests", "SocialNetwork.Tests\SocialNetwork.Tests.csproj", "{608074DD-ACD2-4906-B55A-8CBB296D7955}"
EndProject
Global
	GlobalSection(SolutionConfigurationPlatforms) = preSolution
		Debug|Any CPU = Debug|Any CPU
		Release|Any CPU = Release|Any CPU
	EndGlobalSection
	GlobalSection(ProjectConfigurationPlatforms) = postSolution
		{B98BB23B-6BA4-4EEB-90A8-B6FD6C83B007}.Debug|Any CPU.ActiveCfg = Debug|Any CPU
		{B98BB23B-6BA4-4EEB-90A8-B6FD6C83B007}.Debug|Any CPU.Build.0 = Debug|Any CPU
		{B98BB23B-6BA4-4EEB-90A8-B6FD6C83B007}.Release|Any CPU.ActiveCfg = Release|Any CPU
		{B98BB23B-6BA4-4EEB-90A8-B6FD6C83B007}.Release|Any CPU.Build.0 = Release|Any CPU
		{52260701-43D7-4F56-B472-37FE03D1E1FD}.Debug|Any CPU.ActiveCfg = Debug|Any CPU
		{52260701-43D7-4F56-B472-37FE03D1E1FD}.Debug|Any CPU.Build.0 = Debug|Any CPU
		{52260701-43D7-4F56-B472-37FE03D1E1FD}.Release|Any CPU.ActiveCfg = Release|Any CPU
		{52260701-43D7-4F56-B472-37FE03D1E1FD}.Release|Any CPU.Build.0 = Release|Any CPU
		{CEA5D311-B8FB-4887-B4AB-CC6F0F6D3285}.Debug|Any CPU.ActiveCfg = Debug|Any CPU
		{CEA5D311-B8FB-4887-B4AB-CC6F0F6D3285}.Debug|Any CPU.Build.0 = Debug|Any CPU
		{CEA5D311-B8FB-4887-B4AB-CC6F0F6D3285}.Release|Any CPU.ActiveCfg = Release|Any CPU
		{CEA5D311-B8FB-4887-B4AB-CC6F0F6D3285}.Release|Any CPU.Build.0 = Release|Any CPU
		{F3E69825-8521-4018-B298-F3329CA88781}.Debug|Any CPU.ActiveCfg = Debug|Any CPU
		{F3E69825-8521-4018-B298-F3329CA88781}.Debug|Any CPU.Build.0 = Debug|Any CPU
		{F3E69825-8521-4018-B298-F3329CA88781}.Debug|Any CPU.Deploy.0 = Debug|Any CPU
		{F3E69825-8521-4018-B298-F3329CA88781}.Release|Any CPU.ActiveCfg = Release|Any CPU
		{F3E69825-8521-4018-B298-F3329CA88781}.Release|Any CPU.Build.0 = Release|Any CPU
		{F3E69825-8521-4018-B298-F3329CA88781}.Release|Any CPU.Deploy.0 = Release|Any CPU
		{608074DD-ACD2-4906-B55A-8CBB296D7955}.Debug|Any CPU.ActiveCfg = Debug|Any CPU
		{608074DD-ACD2-4906-B55A-8CBB296D7955}.Debug|Any CPU.Build.0 = Debug|Any CPU
		{608074DD-ACD2-4906-B55A-8CBB296D7955}.Release|Any CPU.ActiveCfg = Release|Any CPU
		{608074DD-ACD2-4906-B55A-8CBB296D7955}.Release|Any CPU.Build.0 = Release|Any CPU
	EndGlobalSection
	GlobalSection(SolutionProperties) = preSolution
		HideSolutionNode = FALSE
	EndGlobalSection
	GlobalSection(ExtensibilityGlobals) = postSolution
		SolutionGuid = {07C9F886-5332-4202-8895-EB26AB7754A6}
	EndGlobalSection
EndGlobal
